
Microsoft Visual Studio Solution File, Format Version 12.00
# Visual Studio Version 16
VisualStudioVersion = 16.0.30907.101
MinimumVisualStudioVersion = 10.0.40219.1
Project("{F184B08F-C81C-45F6-A57F-5ABD9991F28F}") = "FortuneCookie", "FortuneCookie.vbproj", "{D6E3DD80-7117-47C0-995A-B8B989BF4473}"
EndProject
Global
	GlobalSection(SolutionConfigurationPlatforms) = preSolution
		Debug|Any CPU = Debug|Any CPU
		Release|Any CPU = Release|Any CPU
	EndGlobalSection
	GlobalSection(ProjectConfigurationPlatforms) = postSolution
		{D6E3DD80-7117-47C0-995A-B8B989BF4473}.Debug|Any CPU.ActiveCfg = Debug|Any CPU
		{D6E3DD80-7117-47C0-995A-B8B989BF4473}.Debug|Any CPU.Build.0 = Debug|Any CPU
		{D6E3DD80-7117-47C0-995A-B8B989BF4473}.Release|Any CPU.ActiveCfg = Release|Any CPU
		{D6E3DD80-7117-47C0-995A-B8B989BF4473}.Release|Any CPU.Build.0 = Release|Any CPU
	EndGlobalSection
	GlobalSection(SolutionProperties) = preSolution
		HideSolutionNode = FALSE
	EndGlobalSection
	GlobalSection(ExtensibilityGlobals) = postSolution
		SolutionGuid = {56372FB3-93DB-4E92-AB1B-D9AF5627C0DE}
	EndGlobalSection
EndGlobal
